
Microsoft Visual Studio Solution File, Format Version 12.00
# Visual Studio Version 16
VisualStudioVersion = 16.0.808.5
MinimumVisualStudioVersion = 10.0.40219.1
Project("{FAE04EC0-301F-11D3-BF4B-00C04F79EFBC}") = "dotnetcore-amqp-example", "dotnetcore-amqp-example\dotnetcore-amqp-example.csproj", "{98676DD0-540B-437F-970D-3A4AC53FF548}"
EndProject
Global
	GlobalSection(SolutionConfigurationPlatforms) = preSolution
		Debug|Any CPU = Debug|Any CPU
		Release|Any CPU = Release|Any CPU
	EndGlobalSection
	GlobalSection(ProjectConfigurationPlatforms) = postSolution
		{98676DD0-540B-437F-970D-3A4AC53FF548}.Debug|Any CPU.ActiveCfg = Debug|Any CPU
		{98676DD0-540B-437F-970D-3A4AC53FF548}.Debug|Any CPU.Build.0 = Debug|Any CPU
		{98676DD0-540B-437F-970D-3A4AC53FF548}.Release|Any CPU.ActiveCfg = Release|Any CPU
		{98676DD0-540B-437F-970D-3A4AC53FF548}.Release|Any CPU.Build.0 = Release|Any CPU
	EndGlobalSection
	GlobalSection(SolutionProperties) = preSolution
		HideSolutionNode = FALSE
	EndGlobalSection
	GlobalSection(ExtensibilityGlobals) = postSolution
		SolutionGuid = {26061D0F-B27F-4C7A-AB35-77AB009A2117}
	EndGlobalSection
EndGlobal
